
Microsoft Visual Studio Solution File, Format Version 12.00
# Visual Studio Version 16
VisualStudioVersion = 16.0.29409.12
MinimumVisualStudioVersion = 10.0.40219.1
Project("{FAE04EC0-301F-11D3-BF4B-00C04F79EFBC}") = "BookStore", "BookStore.csproj", "{77809529-126D-4B53-9203-95A76DF59BC8}"
EndProject
Project("{FAE04EC0-301F-11D3-BF4B-00C04F79EFBC}") = "FMVCP.Tests", "..\FMVCP.Tests\FMVCP.Tests.csproj", "{031BDB44-04C4-47B6-BEFD-1EFD23E52083}"
EndProject
Global
	GlobalSection(SolutionConfigurationPlatforms) = preSolution
		Debug|Any CPU = Debug|Any CPU
		Release|Any CPU = Release|Any CPU
	EndGlobalSection
	GlobalSection(ProjectConfigurationPlatforms) = postSolution
		{77809529-126D-4B53-9203-95A76DF59BC8}.Debug|Any CPU.ActiveCfg = Debug|Any CPU
		{77809529-126D-4B53-9203-95A76DF59BC8}.Debug|Any CPU.Build.0 = Debug|Any CPU
		{77809529-126D-4B53-9203-95A76DF59BC8}.Release|Any CPU.ActiveCfg = Release|Any CPU
		{77809529-126D-4B53-9203-95A76DF59BC8}.Release|Any CPU.Build.0 = Release|Any CPU
		{031BDB44-04C4-47B6-BEFD-1EFD23E52083}.Debug|Any CPU.ActiveCfg = Debug|Any CPU
		{031BDB44-04C4-47B6-BEFD-1EFD23E52083}.Debug|Any CPU.Build.0 = Debug|Any CPU
		{031BDB44-04C4-47B6-BEFD-1EFD23E52083}.Release|Any CPU.ActiveCfg = Release|Any CPU
		{031BDB44-04C4-47B6-BEFD-1EFD23E52083}.Release|Any CPU.Build.0 = Release|Any CPU
	EndGlobalSection
	GlobalSection(SolutionProperties) = preSolution
		HideSolutionNode = FALSE
	EndGlobalSection
	GlobalSection(ExtensibilityGlobals) = postSolution
		SolutionGuid = {D8B6303D-DA1A-4FCE-90F2-3A7A2F611138}
	EndGlobalSection
EndGlobal
